
Microsoft Visual Studio Solution File, Format Version 12.00
# Visual Studio Version 17
VisualStudioVersion = 17.7.34031.279
MinimumVisualStudioVersion = 10.0.40219.1
Project("{9A19103F-16F7-4668-BE54-9A1E7A4F7556}") = "SwaggerPetStoreAPIClient", "SwaggerPetStoreAPIClient\SwaggerPetStoreAPIClient.csproj", "{F63EC2CC-B27B-4F3D-A75C-FF3439D8DBBE}"
EndProject
Project("{9A19103F-16F7-4668-BE54-9A1E7A4F7556}") = "SwaggerPetStoreAPIClientTests", "SwaggerPetStoreAPIClientTests\SwaggerPetStoreAPIClientTests.csproj", "{6FCA5273-81C3-4339-B338-26E0F759C5F7}"
EndProject
Global
	GlobalSection(SolutionConfigurationPlatforms) = preSolution
		Debug|Any CPU = Debug|Any CPU
		Release|Any CPU = Release|Any CPU
	EndGlobalSection
	GlobalSection(ProjectConfigurationPlatforms) = postSolution
		{F63EC2CC-B27B-4F3D-A75C-FF3439D8DBBE}.Debug|Any CPU.ActiveCfg = Debug|Any CPU
		{F63EC2CC-B27B-4F3D-A75C-FF3439D8DBBE}.Debug|Any CPU.Build.0 = Debug|Any CPU
		{F63EC2CC-B27B-4F3D-A75C-FF3439D8DBBE}.Release|Any CPU.ActiveCfg = Release|Any CPU
		{F63EC2CC-B27B-4F3D-A75C-FF3439D8DBBE}.Release|Any CPU.Build.0 = Release|Any CPU
		{6FCA5273-81C3-4339-B338-26E0F759C5F7}.Debug|Any CPU.ActiveCfg = Debug|Any CPU
		{6FCA5273-81C3-4339-B338-26E0F759C5F7}.Debug|Any CPU.Build.0 = Debug|Any CPU
		{6FCA5273-81C3-4339-B338-26E0F759C5F7}.Release|Any CPU.ActiveCfg = Release|Any CPU
		{6FCA5273-81C3-4339-B338-26E0F759C5F7}.Release|Any CPU.Build.0 = Release|Any CPU
	EndGlobalSection
	GlobalSection(SolutionProperties) = preSolution
		HideSolutionNode = FALSE
	EndGlobalSection
	GlobalSection(ExtensibilityGlobals) = postSolution
		SolutionGuid = {1815D140-B965-4513-9197-9A7ED73A35AD}
	EndGlobalSection
EndGlobal
